
Microsoft Visual Studio Solution File, Format Version 12.00
# Visual Studio Version 17
VisualStudioVersion = 17.0.31912.275
MinimumVisualStudioVersion = 10.0.40219.1
Project("{FAE04EC0-301F-11D3-BF4B-00C04F79EFBC}") = "PersonalityTest", "PersonalityTest\PersonalityTest.csproj", "{9DA7446D-7015-4BD4-8225-20E593B9B067}"
EndProject
Project("{FAE04EC0-301F-11D3-BF4B-00C04F79EFBC}") = "PersonalityTestSwitch", "PersonalityTestSwitch\PersonalityTestSwitch.csproj", "{00C2FC81-3324-4AB7-863B-C970C9E2BD95}"
EndProject
Project("{FAE04EC0-301F-11D3-BF4B-00C04F79EFBC}") = "GradingIF", "GradingIF\GradingIF.csproj", "{2C2F61A2-E8AD-4FE7-AC7C-29AE99E78BF4}"
EndProject
Project("{FAE04EC0-301F-11D3-BF4B-00C04F79EFBC}") = "GradingSwitch", "GradingSwitch\GradingSwitch.csproj", "{777FE2FF-8319-4388-AF9D-5699EE103DF6}"
EndProject
Project("{FAE04EC0-301F-11D3-BF4B-00C04F79EFBC}") = "CatsAndDogs", "CatsAndDogs\CatsAndDogs.csproj", "{9F59DC8B-BF35-4112-885D-0B598FF6DA39}"
EndProject
Global
	GlobalSection(SolutionConfigurationPlatforms) = preSolution
		Debug|Any CPU = Debug|Any CPU
		Release|Any CPU = Release|Any CPU
	EndGlobalSection
	GlobalSection(ProjectConfigurationPlatforms) = postSolution
		{9DA7446D-7015-4BD4-8225-20E593B9B067}.Debug|Any CPU.ActiveCfg = Debug|Any CPU
		{9DA7446D-7015-4BD4-8225-20E593B9B067}.Debug|Any CPU.Build.0 = Debug|Any CPU
		{9DA7446D-7015-4BD4-8225-20E593B9B067}.Release|Any CPU.ActiveCfg = Release|Any CPU
		{9DA7446D-7015-4BD4-8225-20E593B9B067}.Release|Any CPU.Build.0 = Release|Any CPU
		{00C2FC81-3324-4AB7-863B-C970C9E2BD95}.Debug|Any CPU.ActiveCfg = Debug|Any CPU
		{00C2FC81-3324-4AB7-863B-C970C9E2BD95}.Debug|Any CPU.Build.0 = Debug|Any CPU
		{00C2FC81-3324-4AB7-863B-C970C9E2BD95}.Release|Any CPU.ActiveCfg = Release|Any CPU
		{00C2FC81-3324-4AB7-863B-C970C9E2BD95}.Release|Any CPU.Build.0 = Release|Any CPU
		{2C2F61A2-E8AD-4FE7-AC7C-29AE99E78BF4}.Debug|Any CPU.ActiveCfg = Debug|Any CPU
		{2C2F61A2-E8AD-4FE7-AC7C-29AE99E78BF4}.Debug|Any CPU.Build.0 = Debug|Any CPU
		{2C2F61A2-E8AD-4FE7-AC7C-29AE99E78BF4}.Release|Any CPU.ActiveCfg = Release|Any CPU
		{2C2F61A2-E8AD-4FE7-AC7C-29AE99E78BF4}.Release|Any CPU.Build.0 = Release|Any CPU
		{777FE2FF-8319-4388-AF9D-5699EE103DF6}.Debug|Any CPU.ActiveCfg = Debug|Any CPU
		{777FE2FF-8319-4388-AF9D-5699EE103DF6}.Debug|Any CPU.Build.0 = Debug|Any CPU
		{777FE2FF-8319-4388-AF9D-5699EE103DF6}.Release|Any CPU.ActiveCfg = Release|Any CPU
		{777FE2FF-8319-4388-AF9D-5699EE103DF6}.Release|Any CPU.Build.0 = Release|Any CPU
		{9F59DC8B-BF35-4112-885D-0B598FF6DA39}.Debug|Any CPU.ActiveCfg = Debug|Any CPU
		{9F59DC8B-BF35-4112-885D-0B598FF6DA39}.Debug|Any CPU.Build.0 = Debug|Any CPU
		{9F59DC8B-BF35-4112-885D-0B598FF6DA39}.Release|Any CPU.ActiveCfg = Release|Any CPU
		{9F59DC8B-BF35-4112-885D-0B598FF6DA39}.Release|Any CPU.Build.0 = Release|Any CPU
	EndGlobalSection
	GlobalSection(SolutionProperties) = preSolution
		HideSolutionNode = FALSE
	EndGlobalSection
	GlobalSection(ExtensibilityGlobals) = postSolution
		SolutionGuid = {29F6B146-30CF-4BE1-983C-B260C810E1BB}
	EndGlobalSection
EndGlobal
